
Microsoft Visual Studio Solution File, Format Version 12.00
# Visual Studio Version 17
VisualStudioVersion = 17.0.31611.283
MinimumVisualStudioVersion = 10.0.40219.1
Project("{FAE04EC0-301F-11D3-BF4B-00C04F79EFBC}") = "ServerApplicationMobile", "ServerApplicationMobile\ServerApplicationMobile.csproj", "{40BB371D-8A17-2CA7-A2A7-3C89ECBD07C6}"
EndProject
Global
	GlobalSection(SolutionConfigurationPlatforms) = preSolution
		Debug|Any CPU = Debug|Any CPU
		Release|Any CPU = Release|Any CPU
	EndGlobalSection
	GlobalSection(ProjectConfigurationPlatforms) = postSolution
		{40BB371D-8A17-2CA7-A2A7-3C89ECBD07C6}.Debug|Any CPU.ActiveCfg = Debug|Any CPU
		{40BB371D-8A17-2CA7-A2A7-3C89ECBD07C6}.Debug|Any CPU.Build.0 = Debug|Any CPU
		{40BB371D-8A17-2CA7-A2A7-3C89ECBD07C6}.Release|Any CPU.ActiveCfg = Release|Any CPU
		{40BB371D-8A17-2CA7-A2A7-3C89ECBD07C6}.Release|Any CPU.Build.0 = Release|Any CPU
	EndGlobalSection
	GlobalSection(SolutionProperties) = preSolution
		HideSolutionNode = FALSE
	EndGlobalSection
	GlobalSection(ExtensibilityGlobals) = postSolution
		SolutionGuid = {61F7FB11-1E47-470C-91E2-47F8143E1572}
	EndGlobalSection
EndGlobal
